
Microsoft Visual Studio Solution File, Format Version 12.00
# Visual Studio Version 17
VisualStudioVersion = 17.7.34221.43
MinimumVisualStudioVersion = 10.0.40219.1
Project("{8BC9CEB8-8B4A-11D0-8D11-00A0C91BC942}") = "FCG Trabalho Final", "FCG Trabalho Final.vcxproj", "{BA804E54-91D1-4D45-A6F1-9882D92AE5D7}"
EndProject
Global
	GlobalSection(SolutionConfigurationPlatforms) = preSolution
		Debug|x64 = Debug|x64
		Debug|x86 = Debug|x86
		Release|x64 = Release|x64
		Release|x86 = Release|x86
	EndGlobalSection
	GlobalSection(ProjectConfigurationPlatforms) = postSolution
		{BA804E54-91D1-4D45-A6F1-9882D92AE5D7}.Debug|x64.ActiveCfg = Debug|x64
		{BA804E54-91D1-4D45-A6F1-9882D92AE5D7}.Debug|x64.Build.0 = Debug|x64
		{BA804E54-91D1-4D45-A6F1-9882D92AE5D7}.Debug|x86.ActiveCfg = Debug|Win32
		{BA804E54-91D1-4D45-A6F1-9882D92AE5D7}.Debug|x86.Build.0 = Debug|Win32
		{BA804E54-91D1-4D45-A6F1-9882D92AE5D7}.Release|x64.ActiveCfg = Release|x64
		{BA804E54-91D1-4D45-A6F1-9882D92AE5D7}.Release|x64.Build.0 = Release|x64
		{BA804E54-91D1-4D45-A6F1-9882D92AE5D7}.Release|x86.ActiveCfg = Release|Win32
		{BA804E54-91D1-4D45-A6F1-9882D92AE5D7}.Release|x86.Build.0 = Release|Win32
	EndGlobalSection
	GlobalSection(SolutionProperties) = preSolution
		HideSolutionNode = FALSE
	EndGlobalSection
	GlobalSection(ExtensibilityGlobals) = postSolution
		SolutionGuid = {EC729184-6157-4BAA-8517-4FF58330468B}
	EndGlobalSection
EndGlobal
